{
    "_meta": {
        "hash": {
            "sha256": "d0a92d30d6bbef7f574fcae3960f9399d4cea05cac7f2c3ac9d6b782c3bed2b8"
        },
        "pipfile-spec": 6,
        "requires": {
            "python_version": "3.9"
        },
        "sources": [
            {
                "name": "pypi",
                "url": "https://pypi.org/simple",
                "verify_ssl": true
            }
        ]
    },
    "default": {
        "certifi": {
            "hashes": [
                "sha256:1a4995114262bffbc2413b159f2a1a480c969de6e6eb13ee966d470af86af59c",
                "sha256:719a74fb9e33b9bd44cc7f3a8d94bc35e4049deebe19ba7d8e108280cfd59830"
            ],
            "version": "==2020.12.5"
        },
        "minio": {
            "hashes": [
                "sha256:0e69575a0b1b64bce9f158b52b5914953f902a21032966d070ab0d14ceef8962",
                "sha256:f2f6022cfe4694d946972efef2a752f87d08cc030940faa50a640088772953c8"
            ],
            "index": "pypi",
            "version": "==7.0.2"
        },
        "urllib3": {
            "hashes": [
                "sha256:1b465e494e3e0d8939b50680403e3aedaa2bc434b7d5af64dfd3c958d7f5ae80",
                "sha256:de3eedaad74a2683334e282005cd8d7f22f4d55fa690a2a1020a416cb0a47e73"
            ],
            "markers": "python_version >= '2.7' and python_version not in '3.0, 3.1, 3.2, 3.3, 3.4' and python_version < '4'",
            "version": "==1.26.3"
        }
    },
    "develop": {}
}
